{
  "nodes": {
    "grub2-themes": {
      "inputs": {
        "nixpkgs": [
          "nixpkgs"
        ]
      },
      "locked": {
        "lastModified": 1788271742,
        "narHash": "sha256-H4IIqM+fmq9t3ZPHGs9kiuoQzau9AhCGQBSfClqQ/44=",
        "owner": "vinceliuice",
        "repo": "grub2-themes",
        "rev": "4c5a77125b93f833edc9bf7b14a899faa8ac79c6",
        "type": "github"
      },
      "original": {
        "owner": "vinceliuice",
        "repo": "grub2-themes",
        "type": "github"
      }
    },
    "home-manager": {
      "inputs": {
        "nixpkgs": [
          "nixpkgs"
        ]
      },
      "locked": {
        "lastModified": 1790225410,
        "narHash": "sha256-BOyZoliWfm/beS4m3FxFKlu5at6npZen1PsWtvzzihk=",
        "owner": "nix-community",
        "repo": "home-manager",
        "rev": "4900baf1e219645e4a2acba35723852b2091bc20",
        "type": "github"
      },
      "original": {
        "owner": "nix-community",
        "ref": "master",
        "repo": "home-manager",
        "type": "github"
      }
    },
    "nixos-grub-themes": {
      "inputs": {
        "nixpkgs": "nixpkgs"
      },
      "locked": {
        "lastModified": 1781846278,
        "narHash": "sha256-FKKfJZnw32Kz5pHmjflb1piJ1dgRjtimQOBiWeAn4DE=",
        "owner": "jeslie0",
        "repo": "nixos-grub-themes",
        "rev": "da7497bdcfbfd55a6279559e2d9af812f511073b",
        "type": "github"
      },
      "original": {
        "owner": "jeslie0",
        "repo": "nixos-grub-themes",
        "type": "github"
      }
    },
    "nixpkgs": {
      "locked": {
        "lastModified": 1702151865,
        "narHash": "sha256-9VAt19t6yQa7pHZLDbil/QctAgVsA66DLnzdRGqDisg=",
        "owner": "nixos",
        "repo": "nixpkgs",
        "rev": "666fc80e7b2afb570462423cb0e1cf1a3a34fedd",
        "type": "github"
      },
      "original": {
        "owner": "nixos",
        "ref": "nixos-unstable",
        "repo": "nixpkgs",
        "type": "github"
      }
    },
    "nixpkgs_2": {
      "locked": {
        "lastModified": 1790185690,
        "narHash": "sha256-xJ+X4hBtOcAFGBOe5nAMyMUeF9foJBmIOu3NjBqBycU=",
        "owner": "nixos",
        "repo": "nixpkgs",
        "rev": "4975466d324710c576dc11ad614684e6bd8cad8e",
        "type": "github"
      },
      "original": {
        "owner": "nixos",
        "ref": "nixos-unstable",
        "repo": "nixpkgs",
        "type": "github"
      }
    },
    "nixpkgs_3": {
      "locked": {
        "lastModified": 1787900134,
        "narHash": "sha256-5GWj0FI2uOwKNpXkmpWrSFDe1rCaNBCUQ8d+HDtFQPI=",
        "rev": "83199d0d373dd3ac2b9a1996b1d0263f76ab7a4c",
        "type": "tarball",
        "url": "https://releases.nixos.org/nixos/unstable/nixos-26.11pre1063296.83199d0d373d/nixexprs.tar.zst"
      },
      "original": {
        "type": "tarball",
        "url": "https://channels.nixos.org/nixos-unstable/nixexprs.tar.zst"
      }
    },
    "noctalia": {
      "inputs": {
        "nixpkgs": "nixpkgs_3"
      },
      "locked": {
        "lastModified": 1788454679,
        "narHash": "sha256-diS3b69rt/IqehH/8Tsd8/JEQmogVc1ml6FP+iTwBzg=",
        "owner": "noctalia-dev",
        "repo": "noctalia",
        "rev": "f95e95cafde8c23f1d3a62b969e2b5717c96d741",
        "type": "github"
      },
      "original": {
        "owner": "noctalia-dev",
        "ref": "v5.0.1",
        "repo": "noctalia",
        "type": "github"
      }
    },
    "quickshell": {
      "inputs": {
        "nixpkgs": [
          "nixpkgs"
        ]
      },
      "locked": {
        "lastModified": 1789967089,
        "narHash": "sha256-872tMDDYdjR983q7v2yDlnKOEBSPp5FXDdWF2q87gik=",
        "ref": "refs/heads/master",
        "rev": "fae96f1a5b7f53de9b7e40e5b53c0b7a2e97b1d7",
        "revCount": 861,
        "type": "git",
        "url": "https://git.outfoxxed.me/outfoxxed/quickshell"
      },
      "original": {
        "type": "git",
        "url": "https://git.outfoxxed.me/outfoxxed/quickshell"
      }
    },
    "root": {
      "inputs": {
        "grub2-themes": "grub2-themes",
        "home-manager": "home-manager",
        "nixos-grub-themes": "nixos-grub-themes",
        "nixpkgs": "nixpkgs_2",
        "noctalia": "noctalia",
        "quickshell": "quickshell"
      }
    }
  },
  "root": "root",
  "version": 7
}
